
Microsoft Visual Studio Solution File, Format Version 11.00
# Visual Studio 2010
Project("{FAE04EC0-301F-11D3-BF4B-00C04F79EFBC}") = "SpacefallProject", "Assembly-CSharp.csproj", "{146E64A4-692C-C267-F70A-81BC5F8B44D6}"
EndProject
Project("{FAE04EC0-301F-11D3-BF4B-00C04F79EFBC}") = "SpacefallProject", "Assembly-CSharp-Editor.csproj", "{2DBA00E7-BBE7-162F-D840-59161F8D14FF}"
EndProject
Global
	GlobalSection(SolutionConfigurationPlatforms) = preSolution
		Debug|Any CPU = Debug|Any CPU
		Release|Any CPU = Release|Any CPU
	EndGlobalSection
	GlobalSection(ProjectConfigurationPlatforms) = postSolution
		{146E64A4-692C-C267-F70A-81BC5F8B44D6}.Debug|Any CPU.ActiveCfg = Debug|Any CPU
		{146E64A4-692C-C267-F70A-81BC5F8B44D6}.Debug|Any CPU.Build.0 = Debug|Any CPU
		{146E64A4-692C-C267-F70A-81BC5F8B44D6}.Release|Any CPU.ActiveCfg = Release|Any CPU
		{146E64A4-692C-C267-F70A-81BC5F8B44D6}.Release|Any CPU.Build.0 = Release|Any CPU
		{2DBA00E7-BBE7-162F-D840-59161F8D14FF}.Debug|Any CPU.ActiveCfg = Debug|Any CPU
		{2DBA00E7-BBE7-162F-D840-59161F8D14FF}.Debug|Any CPU.Build.0 = Debug|Any CPU
		{2DBA00E7-BBE7-162F-D840-59161F8D14FF}.Release|Any CPU.ActiveCfg = Release|Any CPU
		{2DBA00E7-BBE7-162F-D840-59161F8D14FF}.Release|Any CPU.Build.0 = Release|Any CPU
	EndGlobalSection
	GlobalSection(SolutionProperties) = preSolution
		HideSolutionNode = FALSE
	EndGlobalSection
	GlobalSection(MonoDevelopProperties) = preSolution
		StartupItem = Assembly-CSharp.csproj
	EndGlobalSection
EndGlobal
